
Microsoft Visual Studio Solution File, Format Version 12.00
# Visual Studio Version 17
VisualStudioVersion = 17.2.32616.157
MinimumVisualStudioVersion = 10.0.40219.1
Project("{FAE04EC0-301F-11D3-BF4B-00C04F79EFBC}") = "LinkedList", "LinkedList\LinkedList.csproj", "{65E49889-82E3-4596-89A1-35AB7CBF6E55}"
EndProject
Global
	GlobalSection(SolutionConfigurationPlatforms) = preSolution
		Debug|Any CPU = Debug|Any CPU
		Release|Any CPU = Release|Any CPU
	EndGlobalSection
	GlobalSection(ProjectConfigurationPlatforms) = postSolution
		{65E49889-82E3-4596-89A1-35AB7CBF6E55}.Debug|Any CPU.ActiveCfg = Debug|Any CPU
		{65E49889-82E3-4596-89A1-35AB7CBF6E55}.Debug|Any CPU.Build.0 = Debug|Any CPU
		{65E49889-82E3-4596-89A1-35AB7CBF6E55}.Release|Any CPU.ActiveCfg = Release|Any CPU
		{65E49889-82E3-4596-89A1-35AB7CBF6E55}.Release|Any CPU.Build.0 = Release|Any CPU
	EndGlobalSection
	GlobalSection(SolutionProperties) = preSolution
		HideSolutionNode = FALSE
	EndGlobalSection
	GlobalSection(ExtensibilityGlobals) = postSolution
		SolutionGuid = {0E938AD9-EAEF-4BD0-8F48-592148AA6D1C}
	EndGlobalSection
EndGlobal
