
Microsoft Visual Studio Solution File, Format Version 12.00
# Visual Studio Version 17
VisualStudioVersion = 17.2.32616.157
MinimumVisualStudioVersion = 10.0.40219.1
Project("{FAE04EC0-301F-11D3-BF4B-00C04F79EFBC}") = "construtorDestrutor", "construtorDestrutor\construtorDestrutor.csproj", "{9571D573-5ED5-47D8-9E75-0C207CCB2CF1}"
EndProject
Global
	GlobalSection(SolutionConfigurationPlatforms) = preSolution
		Debug|Any CPU = Debug|Any CPU
		Release|Any CPU = Release|Any CPU
	EndGlobalSection
	GlobalSection(ProjectConfigurationPlatforms) = postSolution
		{9571D573-5ED5-47D8-9E75-0C207CCB2CF1}.Debug|Any CPU.ActiveCfg = Debug|Any CPU
		{9571D573-5ED5-47D8-9E75-0C207CCB2CF1}.Debug|Any CPU.Build.0 = Debug|Any CPU
		{9571D573-5ED5-47D8-9E75-0C207CCB2CF1}.Release|Any CPU.ActiveCfg = Release|Any CPU
		{9571D573-5ED5-47D8-9E75-0C207CCB2CF1}.Release|Any CPU.Build.0 = Release|Any CPU
	EndGlobalSection
	GlobalSection(SolutionProperties) = preSolution
		HideSolutionNode = FALSE
	EndGlobalSection
	GlobalSection(ExtensibilityGlobals) = postSolution
		SolutionGuid = {02751381-4E06-4962-9A78-396AE3D6CBD6}
	EndGlobalSection
EndGlobal
