
Microsoft Visual Studio Solution File, Format Version 12.00
# Visual Studio Version 17
VisualStudioVersion = 17.2.32616.157
MinimumVisualStudioVersion = 10.0.40219.1
Project("{FAE04EC0-301F-11D3-BF4B-00C04F79EFBC}") = "enum", "enum\enum.csproj", "{C14B83EB-1CCE-4145-A8CC-73A9765176C8}"
EndProject
Global
	GlobalSection(SolutionConfigurationPlatforms) = preSolution
		Debug|Any CPU = Debug|Any CPU
		Release|Any CPU = Release|Any CPU
	EndGlobalSection
	GlobalSection(ProjectConfigurationPlatforms) = postSolution
		{C14B83EB-1CCE-4145-A8CC-73A9765176C8}.Debug|Any CPU.ActiveCfg = Debug|Any CPU
		{C14B83EB-1CCE-4145-A8CC-73A9765176C8}.Debug|Any CPU.Build.0 = Debug|Any CPU
		{C14B83EB-1CCE-4145-A8CC-73A9765176C8}.Release|Any CPU.ActiveCfg = Release|Any CPU
		{C14B83EB-1CCE-4145-A8CC-73A9765176C8}.Release|Any CPU.Build.0 = Release|Any CPU
	EndGlobalSection
	GlobalSection(SolutionProperties) = preSolution
		HideSolutionNode = FALSE
	EndGlobalSection
	GlobalSection(ExtensibilityGlobals) = postSolution
		SolutionGuid = {51AE5679-E370-486A-B2A2-9A10F2A674E7}
	EndGlobalSection
EndGlobal
