
Microsoft Visual Studio Solution File, Format Version 12.00
# Visual Studio Version 17
VisualStudioVersion = 17.2.32616.157
MinimumVisualStudioVersion = 10.0.40219.1
Project("{FAE04EC0-301F-11D3-BF4B-00C04F79EFBC}") = "manipulacaoVetorMatriz", "manipulacaoVetorMatriz\manipulacaoVetorMatriz.csproj", "{17B55913-97A1-4CE5-B017-55FACA2ED2E7}"
EndProject
Global
	GlobalSection(SolutionConfigurationPlatforms) = preSolution
		Debug|Any CPU = Debug|Any CPU
		Release|Any CPU = Release|Any CPU
	EndGlobalSection
	GlobalSection(ProjectConfigurationPlatforms) = postSolution
		{17B55913-97A1-4CE5-B017-55FACA2ED2E7}.Debug|Any CPU.ActiveCfg = Debug|Any CPU
		{17B55913-97A1-4CE5-B017-55FACA2ED2E7}.Debug|Any CPU.Build.0 = Debug|Any CPU
		{17B55913-97A1-4CE5-B017-55FACA2ED2E7}.Release|Any CPU.ActiveCfg = Release|Any CPU
		{17B55913-97A1-4CE5-B017-55FACA2ED2E7}.Release|Any CPU.Build.0 = Release|Any CPU
	EndGlobalSection
	GlobalSection(SolutionProperties) = preSolution
		HideSolutionNode = FALSE
	EndGlobalSection
	GlobalSection(ExtensibilityGlobals) = postSolution
		SolutionGuid = {D3F580BD-09AA-4A8D-B45F-440903E10D76}
	EndGlobalSection
EndGlobal
