
Microsoft Visual Studio Solution File, Format Version 12.00
# Visual Studio Version 17
VisualStudioVersion = 17.2.32616.157
MinimumVisualStudioVersion = 10.0.40219.1
Project("{FAE04EC0-301F-11D3-BF4B-00C04F79EFBC}") = "metodo", "metodo\metodo.csproj", "{0BBB18CF-11D3-4CD7-A540-57D336DFCAF8}"
EndProject
Global
	GlobalSection(SolutionConfigurationPlatforms) = preSolution
		Debug|Any CPU = Debug|Any CPU
		Release|Any CPU = Release|Any CPU
	EndGlobalSection
	GlobalSection(ProjectConfigurationPlatforms) = postSolution
		{0BBB18CF-11D3-4CD7-A540-57D336DFCAF8}.Debug|Any CPU.ActiveCfg = Debug|Any CPU
		{0BBB18CF-11D3-4CD7-A540-57D336DFCAF8}.Debug|Any CPU.Build.0 = Debug|Any CPU
		{0BBB18CF-11D3-4CD7-A540-57D336DFCAF8}.Release|Any CPU.ActiveCfg = Release|Any CPU
		{0BBB18CF-11D3-4CD7-A540-57D336DFCAF8}.Release|Any CPU.Build.0 = Release|Any CPU
	EndGlobalSection
	GlobalSection(SolutionProperties) = preSolution
		HideSolutionNode = FALSE
	EndGlobalSection
	GlobalSection(ExtensibilityGlobals) = postSolution
		SolutionGuid = {4F379070-420F-45D5-8764-B8E446B6F15C}
	EndGlobalSection
EndGlobal
