
Microsoft Visual Studio Solution File, Format Version 12.00
# Visual Studio Version 17
VisualStudioVersion = 17.2.32616.157
MinimumVisualStudioVersion = 10.0.40219.1
Project("{FAE04EC0-301F-11D3-BF4B-00C04F79EFBC}") = "recursividadeFatorial", "recursividadeFatorial\recursividadeFatorial.csproj", "{670A105C-4023-42E3-9B4A-63A54AED0CDA}"
EndProject
Global
	GlobalSection(SolutionConfigurationPlatforms) = preSolution
		Debug|Any CPU = Debug|Any CPU
		Release|Any CPU = Release|Any CPU
	EndGlobalSection
	GlobalSection(ProjectConfigurationPlatforms) = postSolution
		{670A105C-4023-42E3-9B4A-63A54AED0CDA}.Debug|Any CPU.ActiveCfg = Debug|Any CPU
		{670A105C-4023-42E3-9B4A-63A54AED0CDA}.Debug|Any CPU.Build.0 = Debug|Any CPU
		{670A105C-4023-42E3-9B4A-63A54AED0CDA}.Release|Any CPU.ActiveCfg = Release|Any CPU
		{670A105C-4023-42E3-9B4A-63A54AED0CDA}.Release|Any CPU.Build.0 = Release|Any CPU
	EndGlobalSection
	GlobalSection(SolutionProperties) = preSolution
		HideSolutionNode = FALSE
	EndGlobalSection
	GlobalSection(ExtensibilityGlobals) = postSolution
		SolutionGuid = {3486656B-DBBC-4652-B307-B98EA9DB8112}
	EndGlobalSection
EndGlobal
