
Microsoft Visual Studio Solution File, Format Version 12.00
# Visual Studio Version 17
VisualStudioVersion = 17.2.32616.157
MinimumVisualStudioVersion = 10.0.40219.1
Project("{FAE04EC0-301F-11D3-BF4B-00C04F79EFBC}") = "Queue", "Queue\Queue.csproj", "{A3B79F7A-E700-4F98-BAA9-CB2CB65BA957}"
EndProject
Global
	GlobalSection(SolutionConfigurationPlatforms) = preSolution
		Debug|Any CPU = Debug|Any CPU
		Release|Any CPU = Release|Any CPU
	EndGlobalSection
	GlobalSection(ProjectConfigurationPlatforms) = postSolution
		{A3B79F7A-E700-4F98-BAA9-CB2CB65BA957}.Debug|Any CPU.ActiveCfg = Debug|Any CPU
		{A3B79F7A-E700-4F98-BAA9-CB2CB65BA957}.Debug|Any CPU.Build.0 = Debug|Any CPU
		{A3B79F7A-E700-4F98-BAA9-CB2CB65BA957}.Release|Any CPU.ActiveCfg = Release|Any CPU
		{A3B79F7A-E700-4F98-BAA9-CB2CB65BA957}.Release|Any CPU.Build.0 = Release|Any CPU
	EndGlobalSection
	GlobalSection(SolutionProperties) = preSolution
		HideSolutionNode = FALSE
	EndGlobalSection
	GlobalSection(ExtensibilityGlobals) = postSolution
		SolutionGuid = {48B90836-4F45-46A9-980C-765F1FC0E8F6}
	EndGlobalSection
EndGlobal
