
Microsoft Visual Studio Solution File, Format Version 12.00
# Visual Studio Version 17
VisualStudioVersion = 17.2.32616.157
MinimumVisualStudioVersion = 10.0.40219.1
Project("{FAE04EC0-301F-11D3-BF4B-00C04F79EFBC}") = "Calculadora", "Calculadora\Calculadora.csproj", "{46527943-3505-4473-9A40-CBCC49AC0A8E}"
EndProject
Global
	GlobalSection(SolutionConfigurationPlatforms) = preSolution
		Debug|Any CPU = Debug|Any CPU
		Release|Any CPU = Release|Any CPU
	EndGlobalSection
	GlobalSection(ProjectConfigurationPlatforms) = postSolution
		{46527943-3505-4473-9A40-CBCC49AC0A8E}.Debug|Any CPU.ActiveCfg = Debug|Any CPU
		{46527943-3505-4473-9A40-CBCC49AC0A8E}.Debug|Any CPU.Build.0 = Debug|Any CPU
		{46527943-3505-4473-9A40-CBCC49AC0A8E}.Release|Any CPU.ActiveCfg = Release|Any CPU
		{46527943-3505-4473-9A40-CBCC49AC0A8E}.Release|Any CPU.Build.0 = Release|Any CPU
	EndGlobalSection
	GlobalSection(SolutionProperties) = preSolution
		HideSolutionNode = FALSE
	EndGlobalSection
	GlobalSection(ExtensibilityGlobals) = postSolution
		SolutionGuid = {F2F4E4FE-B027-4428-943F-8BD9EC5421B2}
	EndGlobalSection
EndGlobal
